
Microsoft Visual Studio Solution File, Format Version 12.00
# Visual Studio 15
VisualStudioVersion = 15.0.28307.960
MinimumVisualStudioVersion = 10.0.40219.1
Project("{FAE04EC0-301F-11D3-BF4B-00C04F79EFBC}") = "PropertyCopy", "PropertyCopy\PropertyCopy.csproj", "{581540B2-224D-4758-9857-B5E90041C667}"
EndProject
Global
	GlobalSection(SolutionConfigurationPlatforms) = preSolution
		Debug|Any CPU = Debug|Any CPU
		Release|Any CPU = Release|Any CPU
	EndGlobalSection
	GlobalSection(ProjectConfigurationPlatforms) = postSolution
		{581540B2-224D-4758-9857-B5E90041C667}.Debug|Any CPU.ActiveCfg = Debug|Any CPU
		{581540B2-224D-4758-9857-B5E90041C667}.Debug|Any CPU.Build.0 = Debug|Any CPU
		{581540B2-224D-4758-9857-B5E90041C667}.Release|Any CPU.ActiveCfg = Release|Any CPU
		{581540B2-224D-4758-9857-B5E90041C667}.Release|Any CPU.Build.0 = Release|Any CPU
	EndGlobalSection
	GlobalSection(SolutionProperties) = preSolution
		HideSolutionNode = FALSE
	EndGlobalSection
	GlobalSection(ExtensibilityGlobals) = postSolution
		SolutionGuid = {61B8BE11-2396-403C-8BAE-257BC813390D}
	EndGlobalSection
EndGlobal
